// !$*UTF8*$!
{
	archiveVersion = 1;
	classes = {
	};
	objectVersion = 55;
	objects = {

/* Begin PBXBuildFile section */
		A66D4AB9283228D400F9EB5D /* EmptyFriendTableViewCell.m in Sources */ = {isa = PBXBuildFile; fileRef = A66D4AB8283228D400F9EB5D /* EmptyFriendTableViewCell.m */; };
		A66D4ABC283242DF00F9EB5D /* GradientButton.m in Sources */ = {isa = PBXBuildFile; fileRef = A66D4ABB283242DF00F9EB5D /* GradientButton.m */; };
		A66D4AC328325BE100F9EB5D /* DeviceInfo.m in Sources */ = {isa = PBXBuildFile; fileRef = A66D4AC228325BE100F9EB5D /* DeviceInfo.m */; };
		A66D4AC92832A30000F9EB5D /* FriendPagerBar.m in Sources */ = {isa = PBXBuildFile; fileRef = A66D4AC82832A30000F9EB5D /* FriendPagerBar.m */; };
		A66D4ACB28334DB700F9EB5D /* FriendEntryViewController.xib in Resources */ = {isa = PBXBuildFile; fileRef = A66D4ACA28334DB700F9EB5D /* FriendEntryViewController.xib */; };
		A66D4ACD28334F0900F9EB5D /* FriendsListViewController.xib in Resources */ = {isa = PBXBuildFile; fileRef = A66D4ACC28334F0900F9EB5D /* FriendsListViewController.xib */; };
		A66D4AD62833862500F9EB5D /* FriendTableViewCell.m in Sources */ = {isa = PBXBuildFile; fileRef = A66D4AD52833862500F9EB5D /* FriendTableViewCell.m */; };
		A6868216282B997600FA3A78 /* AppDelegate.m in Sources */ = {isa = PBXBuildFile; fileRef = A6868215282B997600FA3A78 /* AppDelegate.m */; };
		A6868219282B997600FA3A78 /* SceneDelegate.m in Sources */ = {isa = PBXBuildFile; fileRef = A6868218282B997600FA3A78 /* SceneDelegate.m */; };
		A686821C282B997600FA3A78 /* ViewController.m in Sources */ = {isa = PBXBuildFile; fileRef = A686821B282B997600FA3A78 /* ViewController.m */; };
		A686821F282B997600FA3A78 /* Main.storyboard in Resources */ = {isa = PBXBuildFile; fileRef = A686821D282B997600FA3A78 /* Main.storyboard */; };
		A6868221282B997700FA3A78 /* Assets.xcassets in Resources */ = {isa = PBXBuildFile; fileRef = A6868220282B997700FA3A78 /* Assets.xcassets */; };
		A6868224282B997700FA3A78 /* LaunchScreen.storyboard in Resources */ = {isa = PBXBuildFile; fileRef = A6868222282B997700FA3A78 /* LaunchScreen.storyboard */; };
		A6868227282B997700FA3A78 /* main.m in Sources */ = {isa = PBXBuildFile; fileRef = A6868226282B997700FA3A78 /* main.m */; };
		A6C23834282BDFAF00C1CEA3 /* FriendEntryViewController.m in Sources */ = {isa = PBXBuildFile; fileRef = A6C23833282BDFAF00C1CEA3 /* FriendEntryViewController.m */; };
		A6C23837282BE37700C1CEA3 /* EmptyViewController.swift in Sources */ = {isa = PBXBuildFile; fileRef = A6C23836282BE37700C1CEA3 /* EmptyViewController.swift */; };
		A6C2383E282C2E2000C1CEA3 /* FriendsListViewController.m in Sources */ = {isa = PBXBuildFile; fileRef = A6C2383D282C2E2000C1CEA3 /* FriendsListViewController.m */; };
		A6C23842282C30C900C1CEA3 /* UserInfoObject.m in Sources */ = {isa = PBXBuildFile; fileRef = A6C23841282C30C900C1CEA3 /* UserInfoObject.m */; };
		A6C23845282CD35B00C1CEA3 /* FriendObject.m in Sources */ = {isa = PBXBuildFile; fileRef = A6C23844282CD35B00C1CEA3 /* FriendObject.m */; };
		A6C23848282CDD9700C1CEA3 /* APIHelper.m in Sources */ = {isa = PBXBuildFile; fileRef = A6C23847282CDD9700C1CEA3 /* APIHelper.m */; };
		A6C2384C282CF9EF00C1CEA3 /* UserInfoCellTableViewCell.m in Sources */ = {isa = PBXBuildFile; fileRef = A6C2384B282CF9EF00C1CEA3 /* UserInfoCellTableViewCell.m */; };
		A6C2384F282D1F2C00C1CEA3 /* FriendCellModel.m in Sources */ = {isa = PBXBuildFile; fileRef = A6C2384E282D1F2C00C1CEA3 /* FriendCellModel.m */; };
/* End PBXBuildFile section */

/* Begin PBXFileReference section */
		A66D4AB7283228D400F9EB5D /* EmptyFriendTableViewCell.h */ = {isa = PBXFileReference; lastKnownFileType = sourcecode.c.h; path = EmptyFriendTableViewCell.h; sourceTree = "<group>"; };
		A66D4AB8283228D400F9EB5D /* EmptyFriendTableViewCell.m */ = {isa = PBXFileReference; lastKnownFileType = sourcecode.c.objc; path = EmptyFriendTableViewCell.m; sourceTree = "<group>"; };
		A66D4ABA283242DF00F9EB5D /* GradientButton.h */ = {isa = PBXFileReference; lastKnownFileType = sourcecode.c.h; path = GradientButton.h; sourceTree = "<group>"; };
		A66D4ABB283242DF00F9EB5D /* GradientButton.m */ = {isa = PBXFileReference; lastKnownFileType = sourcecode.c.objc; path = GradientButton.m; sourceTree = "<group>"; };
		A66D4AC128325BE100F9EB5D /* DeviceInfo.h */ = {isa = PBXFileReference; lastKnownFileType = sourcecode.c.h; path = DeviceInfo.h; sourceTree = "<group>"; };
		A66D4AC228325BE100F9EB5D /* DeviceInfo.m */ = {isa = PBXFileReference; lastKnownFileType = sourcecode.c.objc; path = DeviceInfo.m; sourceTree = "<group>"; };
		A66D4AC72832A30000F9EB5D /* FriendPagerBar.h */ = {isa = PBXFileReference; lastKnownFileType = sourcecode.c.h; path = FriendPagerBar.h; sourceTree = "<group>"; };
		A66D4AC82832A30000F9EB5D /* FriendPagerBar.m */ = {isa = PBXFileReference; lastKnownFileType = sourcecode.c.objc; path = FriendPagerBar.m; sourceTree = "<group>"; };
		A66D4ACA28334DB700F9EB5D /* FriendEntryViewController.xib */ = {isa = PBXFileReference; lastKnownFileType = file.xib; path = FriendEntryViewController.xib; sourceTree = "<group>"; };
		A66D4ACC28334F0900F9EB5D /* FriendsListViewController.xib */ = {isa = PBXFileReference; lastKnownFileType = file.xib; path = FriendsListViewController.xib; sourceTree = "<group>"; };
		A66D4AD42833862500F9EB5D /* FriendTableViewCell.h */ = {isa = PBXFileReference; lastKnownFileType = sourcecode.c.h; path = FriendTableViewCell.h; sourceTree = "<group>"; };
		A66D4AD52833862500F9EB5D /* FriendTableViewCell.m */ = {isa = PBXFileReference; lastKnownFileType = sourcecode.c.objc; path = FriendTableViewCell.m; sourceTree = "<group>"; };
		A6868211282B997600FA3A78 /* KKInterView.app */ = {isa = PBXFileReference; explicitFileType = wrapper.application; includeInIndex = 0; path = KKInterView.app; sourceTree = BUILT_PRODUCTS_DIR; };
		A6868214282B997600FA3A78 /* AppDelegate.h */ = {isa = PBXFileReference; lastKnownFileType = sourcecode.c.h; path = AppDelegate.h; sourceTree = "<group>"; };
		A6868215282B997600FA3A78 /* AppDelegate.m */ = {isa = PBXFileReference; lastKnownFileType = sourcecode.c.objc; path = AppDelegate.m; sourceTree = "<group>"; };
		A6868217282B997600FA3A78 /* SceneDelegate.h */ = {isa = PBXFileReference; lastKnownFileType = sourcecode.c.h; path = SceneDelegate.h; sourceTree = "<group>"; };
		A6868218282B997600FA3A78 /* SceneDelegate.m */ = {isa = PBXFileReference; lastKnownFileType = sourcecode.c.objc; path = SceneDelegate.m; sourceTree = "<group>"; };
		A686821A282B997600FA3A78 /* ViewController.h */ = {isa = PBXFileReference; lastKnownFileType = sourcecode.c.h; path = ViewController.h; sourceTree = "<group>"; };
		A686821B282B997600FA3A78 /* ViewController.m */ = {isa = PBXFileReference; lastKnownFileType = sourcecode.c.objc; path = ViewController.m; sourceTree = "<group>"; };
		A686821E282B997600FA3A78 /* Base */ = {isa = PBXFileReference; lastKnownFileType = file.storyboard; name = Base; path = Base.lproj/Main.storyboard; sourceTree = "<group>"; };
		A6868220282B997700FA3A78 /* Assets.xcassets */ = {isa = PBXFileReference; lastKnownFileType = folder.assetcatalog; path = Assets.xcassets; sourceTree = "<group>"; };
		A6868223282B997700FA3A78 /* Base */ = {isa = PBXFileReference; lastKnownFileType = file.storyboard; name = Base; path = Base.lproj/LaunchScreen.storyboard; sourceTree = "<group>"; };
		A6868225282B997700FA3A78 /* Info.plist */ = {isa = PBXFileReference; lastKnownFileType = text.plist.xml; path = Info.plist; sourceTree = "<group>"; };
		A6868226282B997700FA3A78 /* main.m */ = {isa = PBXFileReference; lastKnownFileType = sourcecode.c.objc; path = main.m; sourceTree = "<group>"; };
		A6C23832282BDFAF00C1CEA3 /* FriendEntryViewController.h */ = {isa = PBXFileReference; lastKnownFileType = sourcecode.c.h; path = FriendEntryViewController.h; sourceTree = "<group>"; };
		A6C23833282BDFAF00C1CEA3 /* FriendEntryViewController.m */ = {isa = PBXFileReference; lastKnownFileType = sourcecode.c.objc; path = FriendEntryViewController.m; sourceTree = "<group>"; };
		A6C23835282BE37700C1CEA3 /* KKInterView-Bridging-Header.h */ = {isa = PBXFileReference; lastKnownFileType = sourcecode.c.h; path = "KKInterView-Bridging-Header.h"; sourceTree = "<group>"; };
		A6C23836282BE37700C1CEA3 /* EmptyViewController.swift */ = {isa = PBXFileReference; lastKnownFileType = sourcecode.swift; path = EmptyViewController.swift; sourceTree = "<group>"; };
		A6C2383C282C2E2000C1CEA3 /* FriendsListViewController.h */ = {isa = PBXFileReference; lastKnownFileType = sourcecode.c.h; path = FriendsListViewController.h; sourceTree = "<group>"; };
		A6C2383D282C2E2000C1CEA3 /* FriendsListViewController.m */ = {isa = PBXFileReference; lastKnownFileType = sourcecode.c.objc; path = FriendsListViewController.m; sourceTree = "<group>"; };
		A6C23840282C30C900C1CEA3 /* UserInfoObject.h */ = {isa = PBXFileReference; lastKnownFileType = sourcecode.c.h; path = UserInfoObject.h; sourceTree = "<group>"; };
		A6C23841282C30C900C1CEA3 /* UserInfoObject.m */ = {isa = PBXFileReference; lastKnownFileType = sourcecode.c.objc; path = UserInfoObject.m; sourceTree = "<group>"; };
		A6C23843282CD35B00C1CEA3 /* FriendObject.h */ = {isa = PBXFileReference; lastKnownFileType = sourcecode.c.h; path = FriendObject.h; sourceTree = "<group>"; };
		A6C23844282CD35B00C1CEA3 /* FriendObject.m */ = {isa = PBXFileReference; lastKnownFileType = sourcecode.c.objc; path = FriendObject.m; sourceTree = "<group>"; };
		A6C23846282CDD9700C1CEA3 /* APIHelper.h */ = {isa = PBXFileReference; lastKnownFileType = sourcecode.c.h; path = APIHelper.h; sourceTree = "<group>"; };
		A6C23847282CDD9700C1CEA3 /* APIHelper.m */ = {isa = PBXFileReference; lastKnownFileType = sourcecode.c.objc; path = APIHelper.m; sourceTree = "<group>"; };
		A6C2384A282CF9EF00C1CEA3 /* UserInfoCellTableViewCell.h */ = {isa = PBXFileReference; lastKnownFileType = sourcecode.c.h; path = UserInfoCellTableViewCell.h; sourceTree = "<group>"; };
		A6C2384B282CF9EF00C1CEA3 /* UserInfoCellTableViewCell.m */ = {isa = PBXFileReference; lastKnownFileType = sourcecode.c.objc; path = UserInfoCellTableViewCell.m; sourceTree = "<group>"; };
		A6C2384D282D1F2C00C1CEA3 /* FriendCellModel.h */ = {isa = PBXFileReference; lastKnownFileType = sourcecode.c.h; path = FriendCellModel.h; sourceTree = "<group>"; };
		A6C2384E282D1F2C00C1CEA3 /* FriendCellModel.m */ = {isa = PBXFileReference; lastKnownFileType = sourcecode.c.objc; path = FriendCellModel.m; sourceTree = "<group>"; };
/* End PBXFileReference section */

/* Begin PBXFrameworksBuildPhase section */
		A686820E282B997600FA3A78 /* Frameworks */ = {
			isa = PBXFrameworksBuildPhase;
			buildActionMask = 2147483647;
			files = (
			);
			runOnlyForDeploymentPostprocessing = 0;
		};
/* End PBXFrameworksBuildPhase section */

/* Begin PBXGroup section */
		71585050EE9AAEB714C17B50 /* Frameworks */ = {
			isa = PBXGroup;
			children = (
			);
			name = Frameworks;
			sourceTree = "<group>";
		};
		A66D4AB62832281F00F9EB5D /* Cell */ = {
			isa = PBXGroup;
			children = (
				A6C2384A282CF9EF00C1CEA3 /* UserInfoCellTableViewCell.h */,
				A6C2384B282CF9EF00C1CEA3 /* UserInfoCellTableViewCell.m */,
				A66D4AB7283228D400F9EB5D /* EmptyFriendTableViewCell.h */,
				A66D4AB8283228D400F9EB5D /* EmptyFriendTableViewCell.m */,
				A66D4AD42833862500F9EB5D /* FriendTableViewCell.h */,
				A66D4AD52833862500F9EB5D /* FriendTableViewCell.m */,
			);
			path = Cell;
			sourceTree = "<group>";
		};
		A66D4ABD2832478100F9EB5D /* View */ = {
			isa = PBXGroup;
			children = (
				A66D4ABA283242DF00F9EB5D /* GradientButton.h */,
				A66D4ABB283242DF00F9EB5D /* GradientButton.m */,
				A66D4AC72832A30000F9EB5D /* FriendPagerBar.h */,
				A66D4AC82832A30000F9EB5D /* FriendPagerBar.m */,
			);
			path = View;
			sourceTree = "<group>";
		};
		A6868208282B997600FA3A78 = {
			isa = PBXGroup;
			children = (
				A6868213282B997600FA3A78 /* KKInterView */,
				A6868212282B997600FA3A78 /* Products */,
				71585050EE9AAEB714C17B50 /* Frameworks */,
			);
			sourceTree = "<group>";
		};
		A6868212282B997600FA3A78 /* Products */ = {
			isa = PBXGroup;
			children = (
				A6868211282B997600FA3A78 /* KKInterView.app */,
			);
			name = Products;
			sourceTree = "<group>";
		};
		A6868213282B997600FA3A78 /* KKInterView */ = {
			isa = PBXGroup;
			children = (
				A6868214282B997600FA3A78 /* AppDelegate.h */,
				A6868215282B997600FA3A78 /* AppDelegate.m */,
				A6868217282B997600FA3A78 /* SceneDelegate.h */,
				A6868218282B997600FA3A78 /* SceneDelegate.m */,
				A686821A282B997600FA3A78 /* ViewController.h */,
				A686821B282B997600FA3A78 /* ViewController.m */,
				A6C23836282BE37700C1CEA3 /* EmptyViewController.swift */,
				A6C23832282BDFAF00C1CEA3 /* FriendEntryViewController.h */,
				A6C23833282BDFAF00C1CEA3 /* FriendEntryViewController.m */,
				A66D4ACA28334DB700F9EB5D /* FriendEntryViewController.xib */,
				A6C2383C282C2E2000C1CEA3 /* FriendsListViewController.h */,
				A6C2383D282C2E2000C1CEA3 /* FriendsListViewController.m */,
				A66D4ACC28334F0900F9EB5D /* FriendsListViewController.xib */,
				A66D4ABD2832478100F9EB5D /* View */,
				A66D4AB62832281F00F9EB5D /* Cell */,
				A6C23849282CF1F000C1CEA3 /* Helper */,
				A6C2383F282C308300C1CEA3 /* Models */,
				A686821D282B997600FA3A78 /* Main.storyboard */,
				A6868220282B997700FA3A78 /* Assets.xcassets */,
				A6868222282B997700FA3A78 /* LaunchScreen.storyboard */,
				A6868225282B997700FA3A78 /* Info.plist */,
				A6868226282B997700FA3A78 /* main.m */,
				A6C23835282BE37700C1CEA3 /* KKInterView-Bridging-Header.h */,
			);
			path = KKInterView;
			sourceTree = "<group>";
		};
		A6C2383F282C308300C1CEA3 /* Models */ = {
			isa = PBXGroup;
			children = (
				A6C23840282C30C900C1CEA3 /* UserInfoObject.h */,
				A6C23841282C30C900C1CEA3 /* UserInfoObject.m */,
				A6C23843282CD35B00C1CEA3 /* FriendObject.h */,
				A6C23844282CD35B00C1CEA3 /* FriendObject.m */,
				A6C2384D282D1F2C00C1CEA3 /* FriendCellModel.h */,
				A6C2384E282D1F2C00C1CEA3 /* FriendCellModel.m */,
			);
			path = Models;
			sourceTree = "<group>";
		};
		A6C23849282CF1F000C1CEA3 /* Helper */ = {
			isa = PBXGroup;
			children = (
				A6C23846282CDD9700C1CEA3 /* APIHelper.h */,
				A6C23847282CDD9700C1CEA3 /* APIHelper.m */,
				A66D4AC128325BE100F9EB5D /* DeviceInfo.h */,
				A66D4AC228325BE100F9EB5D /* DeviceInfo.m */,
			);
			path = Helper;
			sourceTree = "<group>";
		};
/* End PBXGroup section */

/* Begin PBXNativeTarget section */
		A6868210282B997600FA3A78 /* KKInterView */ = {
			isa = PBXNativeTarget;
			buildConfigurationList = A686822A282B997700FA3A78 /* Build configuration list for PBXNativeTarget "KKInterView" */;
			buildPhases = (
				A686820D282B997600FA3A78 /* Sources */,
				A686820E282B997600FA3A78 /* Frameworks */,
				A686820F282B997600FA3A78 /* Resources */,
			);
			buildRules = (
			);
			dependencies = (
			);
			name = KKInterView;
			productName = KKInterView;
			productReference = A6868211282B997600FA3A78 /* KKInterView.app */;
			productType = "com.apple.product-type.application";
		};
/* End PBXNativeTarget section */

/* Begin PBXProject section */
		A6868209282B997600FA3A78 /* Project object */ = {
			isa = PBXProject;
			attributes = {
				BuildIndependentTargetsInParallel = 1;
				LastUpgradeCheck = 1320;
				TargetAttributes = {
					A6868210282B997600FA3A78 = {
						CreatedOnToolsVersion = 13.2.1;
						LastSwiftMigration = 1320;
					};
				};
			};
			buildConfigurationList = A686820C282B997600FA3A78 /* Build configuration list for PBXProject "KKInterView" */;
			compatibilityVersion = "Xcode 13.0";
			developmentRegion = en;
			hasScannedForEncodings = 0;
			knownRegions = (
				en,
				Base,
			);
			mainGroup = A6868208282B997600FA3A78;
			productRefGroup = A6868212282B997600FA3A78 /* Products */;
			projectDirPath = "";
			projectRoot = "";
			targets = (
				A6868210282B997600FA3A78 /* KKInterView */,
			);
		};
/* End PBXProject section */

/* Begin PBXResourcesBuildPhase section */
		A686820F282B997600FA3A78 /* Resources */ = {
			isa = PBXResourcesBuildPhase;
			buildActionMask = 2147483647;
			files = (
				A6868224282B997700FA3A78 /* LaunchScreen.storyboard in Resources */,
				A66D4ACD28334F0900F9EB5D /* FriendsListViewController.xib in Resources */,
				A6868221282B997700FA3A78 /* Assets.xcassets in Resources */,
				A686821F282B997600FA3A78 /* Main.storyboard in Resources */,
				A66D4ACB28334DB700F9EB5D /* FriendEntryViewController.xib in Resources */,
			);
			runOnlyForDeploymentPostprocessing = 0;
		};
/* End PBXResourcesBuildPhase section */

/* Begin PBXSourcesBuildPhase section */
		A686820D282B997600FA3A78 /* Sources */ = {
			isa = PBXSourcesBuildPhase;
			buildActionMask = 2147483647;
			files = (
				A6C23837282BE37700C1CEA3 /* EmptyViewController.swift in Sources */,
				A66D4ABC283242DF00F9EB5D /* GradientButton.m in Sources */,
				A6C2384F282D1F2C00C1CEA3 /* FriendCellModel.m in Sources */,
				A66D4AC92832A30000F9EB5D /* FriendPagerBar.m in Sources */,
				A66D4AC328325BE100F9EB5D /* DeviceInfo.m in Sources */,
				A6C23842282C30C900C1CEA3 /* UserInfoObject.m in Sources */,
				A66D4AB9283228D400F9EB5D /* EmptyFriendTableViewCell.m in Sources */,
				A686821C282B997600FA3A78 /* ViewController.m in Sources */,
				A6C23834282BDFAF00C1CEA3 /* FriendEntryViewController.m in Sources */,
				A6868216282B997600FA3A78 /* AppDelegate.m in Sources */,
				A6C23845282CD35B00C1CEA3 /* FriendObject.m in Sources */,
				A6C2384C282CF9EF00C1CEA3 /* UserInfoCellTableViewCell.m in Sources */,
				A6C23848282CDD9700C1CEA3 /* APIHelper.m in Sources */,
				A6C2383E282C2E2000C1CEA3 /* FriendsListViewController.m in Sources */,
				A66D4AD62833862500F9EB5D /* FriendTableViewCell.m in Sources */,
				A6868227282B997700FA3A78 /* main.m in Sources */,
				A6868219282B997600FA3A78 /* SceneDelegate.m in Sources */,
			);
			runOnlyForDeploymentPostprocessing = 0;
		};
/* End PBXSourcesBuildPhase section */

/* Begin PBXVariantGroup section */
		A686821D282B997600FA3A78 /* Main.storyboard */ = {
			isa = PBXVariantGroup;
			children = (
				A686821E282B997600FA3A78 /* Base */,
			);
			name = Main.storyboard;
			sourceTree = "<group>";
		};
		A6868222282B997700FA3A78 /* LaunchScreen.storyboard */ = {
			isa = PBXVariantGroup;
			children = (
				A6868223282B997700FA3A78 /* Base */,
			);
			name = LaunchScreen.storyboard;
			sourceTree = "<group>";
		};
/* End PBXVariantGroup section */

/* Begin XCBuildConfiguration section */
		A6868228282B997700FA3A78 /* Debug */ = {
			isa = XCBuildConfiguration;
			buildSettings = {
				ALWAYS_SEARCH_USER_PATHS = NO;
				CLANG_ANALYZER_NONNULL = YES;
				CLANG_ANALYZER_NUMBER_OBJECT_CONVERSION = YES_AGGRESSIVE;
				CLANG_CXX_LANGUAGE_STANDARD = "gnu++17";
				CLANG_CXX_LIBRARY = "libc++";
				CLANG_ENABLE_MODULES = YES;
				CLANG_ENABLE_OBJC_ARC = YES;
				CLANG_ENABLE_OBJC_WEAK = YES;
				CLANG_WARN_BLOCK_CAPTURE_AUTORELEASING = YES;
				CLANG_WARN_BOOL_CONVERSION = YES;
				CLANG_WARN_COMMA = YES;
				CLANG_WARN_CONSTANT_CONVERSION = YES;
				CLANG_WARN_DEPRECATED_OBJC_IMPLEMENTATIONS = YES;
				CLANG_WARN_DIRECT_OBJC_ISA_USAGE = YES_ERROR;
				CLANG_WARN_DOCUMENTATION_COMMENTS = YES;
				CLANG_WARN_EMPTY_BODY = YES;
				CLANG_WARN_ENUM_CONVERSION = YES;
				CLANG_WARN_INFINITE_RECURSION = YES;
				CLANG_WARN_INT_CONVERSION = YES;
				CLANG_WARN_NON_LITERAL_NULL_CONVERSION = YES;
				CLANG_WARN_OBJC_IMPLICIT_RETAIN_SELF = YES;
				CLANG_WARN_OBJC_LITERAL_CONVERSION = YES;
				CLANG_WARN_OBJC_ROOT_CLASS = YES_ERROR;
				CLANG_WARN_QUOTED_INCLUDE_IN_FRAMEWORK_HEADER = YES;
				CLANG_WARN_RANGE_LOOP_ANALYSIS = YES;
				CLANG_WARN_STRICT_PROTOTYPES = YES;
				CLANG_WARN_SUSPICIOUS_MOVE = YES;
				CLANG_WARN_UNGUARDED_AVAILABILITY = YES_AGGRESSIVE;
				CLANG_WARN_UNREACHABLE_CODE = YES;
				CLANG_WARN__DUPLICATE_METHOD_MATCH = YES;
				COPY_PHASE_STRIP = NO;
				DEBUG_INFORMATION_FORMAT = dwarf;
				ENABLE_STRICT_OBJC_MSGSEND = YES;
				ENABLE_TESTABILITY = YES;
				GCC_C_LANGUAGE_STANDARD = gnu11;
				GCC_DYNAMIC_NO_PIC = NO;
				GCC_NO_COMMON_BLOCKS = YES;
				GCC_OPTIMIZATION_LEVEL = 0;
				GCC_PREPROCESSOR_DEFINITIONS = (
					"DEBUG=1",
					"$(inherited)",
				);
				GCC_WARN_64_TO_32_BIT_CONVERSION = YES;
				GCC_WARN_ABOUT_RETURN_TYPE = YES_ERROR;
				GCC_WARN_UNDECLARED_SELECTOR = YES;
				GCC_WARN_UNINITIALIZED_AUTOS = YES_AGGRESSIVE;
				GCC_WARN_UNUSED_FUNCTION = YES;
				GCC_WARN_UNUSED_VARIABLE = YES;
				IPHONEOS_DEPLOYMENT_TARGET = 15.2;
				MTL_ENABLE_DEBUG_INFO = INCLUDE_SOURCE;
				MTL_FAST_MATH = YES;
				ONLY_ACTIVE_ARCH = YES;
				SDKROOT = iphoneos;
			};
			name = Debug;
		};
		A6868229282B997700FA3A78 /* Release */ = {
			isa = XCBuildConfiguration;
			buildSettings = {
				ALWAYS_SEARCH_USER_PATHS = NO;
				CLANG_ANALYZER_NONNULL = YES;
				CLANG_ANALYZER_NUMBER_OBJECT_CONVERSION = YES_AGGRESSIVE;
				CLANG_CXX_LANGUAGE_STANDARD = "gnu++17";
				CLANG_CXX_LIBRARY = "libc++";
				CLANG_ENABLE_MODULES = YES;
				CLANG_ENABLE_OBJC_ARC = YES;
				CLANG_ENABLE_OBJC_WEAK = YES;
				CLANG_WARN_BLOCK_CAPTURE_AUTORELEASING = YES;
				CLANG_WARN_BOOL_CONVERSION = YES;
				CLANG_WARN_COMMA = YES;
				CLANG_WARN_CONSTANT_CONVERSION = YES;
				CLANG_WARN_DEPRECATED_OBJC_IMPLEMENTATIONS = YES;
				CLANG_WARN_DIRECT_OBJC_ISA_USAGE = YES_ERROR;
				CLANG_WARN_DOCUMENTATION_COMMENTS = YES;
				CLANG_WARN_EMPTY_BODY = YES;
				CLANG_WARN_ENUM_CONVERSION = YES;
				CLANG_WARN_INFINITE_RECURSION = YES;
				CLANG_WARN_INT_CONVERSION = YES;
				CLANG_WARN_NON_LITERAL_NULL_CONVERSION = YES;
				CLANG_WARN_OBJC_IMPLICIT_RETAIN_SELF = YES;
				CLANG_WARN_OBJC_LITERAL_CONVERSION = YES;
				CLANG_WARN_OBJC_ROOT_CLASS = YES_ERROR;
				CLANG_WARN_QUOTED_INCLUDE_IN_FRAMEWORK_HEADER = YES;
				CLANG_WARN_RANGE_LOOP_ANALYSIS = YES;
				CLANG_WARN_STRICT_PROTOTYPES = YES;
				CLANG_WARN_SUSPICIOUS_MOVE = YES;
				CLANG_WARN_UNGUARDED_AVAILABILITY = YES_AGGRESSIVE;
				CLANG_WARN_UNREACHABLE_CODE = YES;
				CLANG_WARN__DUPLICATE_METHOD_MATCH = YES;
				COPY_PHASE_STRIP = NO;
				DEBUG_INFORMATION_FORMAT = "dwarf-with-dsym";
				ENABLE_NS_ASSERTIONS = NO;
				ENABLE_STRICT_OBJC_MSGSEND = YES;
				GCC_C_LANGUAGE_STANDARD = gnu11;
				GCC_NO_COMMON_BLOCKS = YES;
				GCC_WARN_64_TO_32_BIT_CONVERSION = YES;
				GCC_WARN_ABOUT_RETURN_TYPE = YES_ERROR;
				GCC_WARN_UNDECLARED_SELECTOR = YES;
				GCC_WARN_UNINITIALIZED_AUTOS = YES_AGGRESSIVE;
				GCC_WARN_UNUSED_FUNCTION = YES;
				GCC_WARN_UNUSED_VARIABLE = YES;
				IPHONEOS_DEPLOYMENT_TARGET = 15.2;
				MTL_ENABLE_DEBUG_INFO = NO;
				MTL_FAST_MATH = YES;
				SDKROOT = iphoneos;
				VALIDATE_PRODUCT = YES;
			};
			name = Release;
		};
		A686822B282B997700FA3A78 /* Debug */ = {
			isa = XCBuildConfiguration;
			buildSettings = {
				ASSETCATALOG_COMPILER_APPICON_NAME = AppIcon;
				ASSETCATALOG_COMPILER_GLOBAL_ACCENT_COLOR_NAME = AccentColor;
				CLANG_ENABLE_MODULES = YES;
				CODE_SIGN_STYLE = Automatic;
				CURRENT_PROJECT_VERSION = 1;
				DEVELOPMENT_TEAM = GTS2KGRF24;
				GENERATE_INFOPLIST_FILE = YES;
				INFOPLIST_FILE = KKInterView/Info.plist;
				INFOPLIST_KEY_NSMainNibFile = Main;
				INFOPLIST_KEY_UIApplicationSupportsIndirectInputEvents = YES;
				INFOPLIST_KEY_UILaunchStoryboardName = LaunchScreen;
				INFOPLIST_KEY_UISupportedInterfaceOrientations_iPad = "UIInterfaceOrientationPortrait UIInterfaceOrientationPortraitUpsideDown UIInterfaceOrientationLandscapeLeft UIInterfaceOrientationLandscapeRight";
				INFOPLIST_KEY_UISupportedInterfaceOrientations_iPhone = "UIInterfaceOrientationPortrait UIInterfaceOrientationLandscapeLeft UIInterfaceOrientationLandscapeRight";
				LD_RUNPATH_SEARCH_PATHS = (
					"$(inherited)",
					"@executable_path/Frameworks",
				);
				MARKETING_VERSION = 1.0;
				PRODUCT_BUNDLE_IDENTIFIER = com.hannalu.KKInterView;
				PRODUCT_NAME = "$(TARGET_NAME)";
				SWIFT_EMIT_LOC_STRINGS = YES;
				SWIFT_OBJC_BRIDGING_HEADER = "KKInterView/KKInterView-Bridging-Header.h";
				SWIFT_OPTIMIZATION_LEVEL = "-Onone";
				SWIFT_VERSION = 5.0;
				TARGETED_DEVICE_FAMILY = "1,2";
			};
			name = Debug;
		};
		A686822C282B997700FA3A78 /* Release */ = {
			isa = XCBuildConfiguration;
			buildSettings = {
				ASSETCATALOG_COMPILER_APPICON_NAME = AppIcon;
				ASSETCATALOG_COMPILER_GLOBAL_ACCENT_COLOR_NAME = AccentColor;
				CLANG_ENABLE_MODULES = YES;
				CODE_SIGN_STYLE = Automatic;
				CURRENT_PROJECT_VERSION = 1;
				DEVELOPMENT_TEAM = GTS2KGRF24;
				GENERATE_INFOPLIST_FILE = YES;
				INFOPLIST_FILE = KKInterView/Info.plist;
				INFOPLIST_KEY_NSMainNibFile = Main;
				INFOPLIST_KEY_UIApplicationSupportsIndirectInputEvents = YES;
				INFOPLIST_KEY_UILaunchStoryboardName = LaunchScreen;
				INFOPLIST_KEY_UISupportedInterfaceOrientations_iPad = "UIInterfaceOrientationPortrait UIInterfaceOrientationPortraitUpsideDown UIInterfaceOrientationLandscapeLeft UIInterfaceOrientationLandscapeRight";
				INFOPLIST_KEY_UISupportedInterfaceOrientations_iPhone = "UIInterfaceOrientationPortrait UIInterfaceOrientationLandscapeLeft UIInterfaceOrientationLandscapeRight";
				LD_RUNPATH_SEARCH_PATHS = (
					"$(inherited)",
					"@executable_path/Frameworks",
				);
				MARKETING_VERSION = 1.0;
				PRODUCT_BUNDLE_IDENTIFIER = com.hannalu.KKInterView;
				PRODUCT_NAME = "$(TARGET_NAME)";
				SWIFT_EMIT_LOC_STRINGS = YES;
				SWIFT_OBJC_BRIDGING_HEADER = "KKInterView/KKInterView-Bridging-Header.h";
				SWIFT_VERSION = 5.0;
				TARGETED_DEVICE_FAMILY = "1,2";
			};
			name = Release;
		};
/* End XCBuildConfiguration section */

/* Begin XCConfigurationList section */
		A686820C282B997600FA3A78 /* Build configuration list for PBXProject "KKInterView" */ = {
			isa = XCConfigurationList;
			buildConfigurations = (
				A6868228282B997700FA3A78 /* Debug */,
				A6868229282B997700FA3A78 /* Release */,
			);
			defaultConfigurationIsVisible = 0;
			defaultConfigurationName = Release;
		};
		A686822A282B997700FA3A78 /* Build configuration list for PBXNativeTarget "KKInterView" */ = {
			isa = XCConfigurationList;
			buildConfigurations = (
				A686822B282B997700FA3A78 /* Debug */,
				A686822C282B997700FA3A78 /* Release */,
			);
			defaultConfigurationIsVisible = 0;
			defaultConfigurationName = Release;
		};
/* End XCConfigurationList section */
	};
	rootObject = A6868209282B997600FA3A78 /* Project object */;
}
